
Microsoft Visual Studio Solution File, Format Version 12.00
# Visual Studio Version 17
VisualStudioVersion = 17.9.34310.174
MinimumVisualStudioVersion = 10.0.40219.1
Project("{8BC9CEB8-8B4A-11D0-8D11-00A0C91BC942}") = "kendo", "kendo.vcxproj", "{FAEB918A-7B70-460A-B862-94E142AA47B8}"
EndProject
Global
	GlobalSection(SolutionConfigurationPlatforms) = preSolution
		Debug|x64 = Debug|x64
		Debug|x86 = Debug|x86
		Release|x64 = Release|x64
		Release|x86 = Release|x86
	EndGlobalSection
	GlobalSection(ProjectConfigurationPlatforms) = postSolution
		{FAEB918A-7B70-460A-B862-94E142AA47B8}.Debug|x64.ActiveCfg = Debug|x64
		{FAEB918A-7B70-460A-B862-94E142AA47B8}.Debug|x64.Build.0 = Debug|x64
		{FAEB918A-7B70-460A-B862-94E142AA47B8}.Debug|x86.ActiveCfg = Debug|Win32
		{FAEB918A-7B70-460A-B862-94E142AA47B8}.Debug|x86.Build.0 = Debug|Win32
		{FAEB918A-7B70-460A-B862-94E142AA47B8}.Release|x64.ActiveCfg = Release|x64
		{FAEB918A-7B70-460A-B862-94E142AA47B8}.Release|x64.Build.0 = Release|x64
		{FAEB918A-7B70-460A-B862-94E142AA47B8}.Release|x86.ActiveCfg = Release|Win32
		{FAEB918A-7B70-460A-B862-94E142AA47B8}.Release|x86.Build.0 = Release|Win32
	EndGlobalSection
	GlobalSection(SolutionProperties) = preSolution
		HideSolutionNode = FALSE
	EndGlobalSection
	GlobalSection(ExtensibilityGlobals) = postSolution
		SolutionGuid = {D000FEB5-9690-46BC-85A9-3BEEF659AE53}
	EndGlobalSection
EndGlobal
